{
  "requires": true,
  "lockfileVersion": 1,
  "dependencies": {
    "@popperjs/core": {
      "version": "2.5.4",
      "resolved": "https://registry.npmjs.org/@popperjs/core/-/core-2.5.4.tgz",
      "integrity": "sha512-ZpKr+WTb8zsajqgDkvCEWgp6d5eJT6Q63Ng2neTbzBO76Lbe91vX/iVIW9dikq+Fs3yEo+ls4cxeXABD2LtcbQ=="
    },
    "tippy.js": {
      "version": "6.2.7",
      "resolved": "https://registry.npmjs.org/tippy.js/-/tippy.js-6.2.7.tgz",
      "integrity": "sha512-k+kWF9AJz5xLQHBi3K/XlmJiyu+p9gsCyc5qZhxxGaJWIW8SMjw1R+C7saUnP33IM8gUhDA2xX//ejRSwqR0tA==",
      "requires": {
        "@popperjs/core": "^2.4.4"
      }
    },
    "vue-navigation-bar": {
      "version": "4.1.0",
      "resolved": "https://registry.npmjs.org/vue-navigation-bar/-/vue-navigation-bar-4.1.0.tgz",
      "integrity": "sha512-iBkLLI954jlOatPy+ciGMDn/CnaZxPR2eZqEy4Pypz+SvU5BL9ByapO2r5tZUzANwzVJlzS7zEU0jSqAL2+nPQ==",
      "requires": {
        "tippy.js": "^6.2.4",
        "vue-screen-size": "^1.0.1",
        "vue2-transitions": "^0.3.0"
      }
    },
    "vue-screen-size": {
      "version": "1.0.1",
      "resolved": "https://registry.npmjs.org/vue-screen-size/-/vue-screen-size-1.0.1.tgz",
      "integrity": "sha512-FvPAQAZp235cWpceazYK3CyPXUmogJRbPwa2F34l4BiwNoCZxZIKcEgqrScpCm0pi8llPrGlHHiuM7uuQc3mHA=="
    },
    "vue2-transitions": {
      "version": "0.3.0",
      "resolved": "https://registry.npmjs.org/vue2-transitions/-/vue2-transitions-0.3.0.tgz",
      "integrity": "sha512-m1ad8K8kufqiEhj5gXHkkqOioI5sW0FaMbRiO0Tv2WFfGbO2eIKrfkFiO3HPQtMJboimaLCN4p/zL81clLbG4w=="
    }
  }
}
